{
  "requires": true,
  "lockfileVersion": 1,
  "dependencies": {
    "vue": {
      "version": "2.6.11",
      "resolved": "https://registry.npmjs.org/vue/-/vue-2.6.11.tgz",
      "integrity": "sha512-VfPwgcGABbGAue9+sfrD4PuwFar7gPb1yl1UK1MwXoQPAw0BKSqWfoYCT/ThFrdEVWoI51dBuyCoiNU9bZDZxQ=="
    },
    "vue-session": {
      "version": "1.0.0",
      "resolved": "https://registry.npmjs.org/vue-session/-/vue-session-1.0.0.tgz",
      "integrity": "sha512-Ep9lRKGgCZdcGV3In3R3zoSp5Wr+hlcIc8WJ9BG+QKzibwaFZnnvp9HBVdd+dU8d6HGLSi5sWywDmd5MkrkfoQ=="
    }
  }
}
